
Microsoft Visual Studio Solution File, Format Version 12.00
# Visual Studio Version 16
VisualStudioVersion = 16.0.31729.503
MinimumVisualStudioVersion = 10.0.40219.1
Project("{FAE04EC0-301F-11D3-BF4B-00C04F79EFBC}") = "CalcularMediaNota", "CalcularMediaNota\CalcularMediaNota.csproj", "{ED74566D-0852-4C7A-B6E0-A27A70760E12}"
EndProject
Global
	GlobalSection(SolutionConfigurationPlatforms) = preSolution
		Debug|Any CPU = Debug|Any CPU
		Release|Any CPU = Release|Any CPU
	EndGlobalSection
	GlobalSection(ProjectConfigurationPlatforms) = postSolution
		{ED74566D-0852-4C7A-B6E0-A27A70760E12}.Debug|Any CPU.ActiveCfg = Debug|Any CPU
		{ED74566D-0852-4C7A-B6E0-A27A70760E12}.Debug|Any CPU.Build.0 = Debug|Any CPU
		{ED74566D-0852-4C7A-B6E0-A27A70760E12}.Release|Any CPU.ActiveCfg = Release|Any CPU
		{ED74566D-0852-4C7A-B6E0-A27A70760E12}.Release|Any CPU.Build.0 = Release|Any CPU
	EndGlobalSection
	GlobalSection(SolutionProperties) = preSolution
		HideSolutionNode = FALSE
	EndGlobalSection
	GlobalSection(ExtensibilityGlobals) = postSolution
		SolutionGuid = {81D772E4-751D-4B74-BD0E-0B218489FB4C}
	EndGlobalSection
EndGlobal
